// !$*UTF8*$!
{
	archiveVersion = 1;
	classes = {
	};
	objectVersion = 50;
	objects = {

/* Begin PBXBuildFile section */
		34644DCF26362CB5005E3630 /* AddViewController.swift in Sources */ = {isa = PBXBuildFile; fileRef = 34644DCE26362CB5005E3630 /* AddViewController.swift */; };
		34644DD226363401005E3630 /* BookStoreDelegate.swift in Sources */ = {isa = PBXBuildFile; fileRef = 34644DD126363401005E3630 /* BookStoreDelegate.swift */; };
		34D305EF25F30F410059CB18 /* AppDelegate.swift in Sources */ = {isa = PBXBuildFile; fileRef = 34D305EE25F30F410059CB18 /* AppDelegate.swift */; };
		34D305F125F30F410059CB18 /* SceneDelegate.swift in Sources */ = {isa = PBXBuildFile; fileRef = 34D305F025F30F410059CB18 /* SceneDelegate.swift */; };
		34D305F325F30F410059CB18 /* MasterViewController.swift in Sources */ = {isa = PBXBuildFile; fileRef = 34D305F225F30F410059CB18 /* MasterViewController.swift */; };
		34D305F625F30F410059CB18 /* Main.storyboard in Resources */ = {isa = PBXBuildFile; fileRef = 34D305F425F30F410059CB18 /* Main.storyboard */; };
		34D305F825F30F420059CB18 /* Assets.xcassets in Resources */ = {isa = PBXBuildFile; fileRef = 34D305F725F30F420059CB18 /* Assets.xcassets */; };
		34D305FB25F30F420059CB18 /* LaunchScreen.storyboard in Resources */ = {isa = PBXBuildFile; fileRef = 34D305F925F30F420059CB18 /* LaunchScreen.storyboard */; };
		34D3060C25F315CD0059CB18 /* DetailViewController.swift in Sources */ = {isa = PBXBuildFile; fileRef = 34D3060B25F315CD0059CB18 /* DetailViewController.swift */; };
		34EB3CFF25F854E7006CE029 /* Book.swift in Sources */ = {isa = PBXBuildFile; fileRef = 34EB3CFE25F854E7006CE029 /* Book.swift */; };
		34EB3D0325F85518006CE029 /* BookStore.swift in Sources */ = {isa = PBXBuildFile; fileRef = 34EB3D0225F85518006CE029 /* BookStore.swift */; };
/* End PBXBuildFile section */

/* Begin PBXFileReference section */
		34644DCE26362CB5005E3630 /* AddViewController.swift */ = {isa = PBXFileReference; lastKnownFileType = sourcecode.swift; path = AddViewController.swift; sourceTree = "<group>"; };
		34644DD126363401005E3630 /* BookStoreDelegate.swift */ = {isa = PBXFileReference; lastKnownFileType = sourcecode.swift; path = BookStoreDelegate.swift; sourceTree = "<group>"; };
		34D305EB25F30F410059CB18 /* BookStore.app */ = {isa = PBXFileReference; explicitFileType = wrapper.application; includeInIndex = 0; path = BookStore.app; sourceTree = BUILT_PRODUCTS_DIR; };
		34D305EE25F30F410059CB18 /* AppDelegate.swift */ = {isa = PBXFileReference; lastKnownFileType = sourcecode.swift; path = AppDelegate.swift; sourceTree = "<group>"; };
		34D305F025F30F410059CB18 /* SceneDelegate.swift */ = {isa = PBXFileReference; lastKnownFileType = sourcecode.swift; path = SceneDelegate.swift; sourceTree = "<group>"; };
		34D305F225F30F410059CB18 /* MasterViewController.swift */ = {isa = PBXFileReference; lastKnownFileType = sourcecode.swift; path = MasterViewController.swift; sourceTree = "<group>"; };
		34D305F525F30F410059CB18 /* Base */ = {isa = PBXFileReference; lastKnownFileType = file.storyboard; name = Base; path = Base.lproj/Main.storyboard; sourceTree = "<group>"; };
		34D305F725F30F420059CB18 /* Assets.xcassets */ = {isa = PBXFileReference; lastKnownFileType = folder.assetcatalog; path = Assets.xcassets; sourceTree = "<group>"; };
		34D305FA25F30F420059CB18 /* Base */ = {isa = PBXFileReference; lastKnownFileType = file.storyboard; name = Base; path = Base.lproj/LaunchScreen.storyboard; sourceTree = "<group>"; };
		34D305FC25F30F420059CB18 /* Info.plist */ = {isa = PBXFileReference; lastKnownFileType = text.plist.xml; path = Info.plist; sourceTree = "<group>"; };
		34D3060B25F315CD0059CB18 /* DetailViewController.swift */ = {isa = PBXFileReference; lastKnownFileType = sourcecode.swift; path = DetailViewController.swift; sourceTree = "<group>"; };
		34EB3CFE25F854E7006CE029 /* Book.swift */ = {isa = PBXFileReference; lastKnownFileType = sourcecode.swift; path = Book.swift; sourceTree = "<group>"; };
		34EB3D0225F85518006CE029 /* BookStore.swift */ = {isa = PBXFileReference; lastKnownFileType = sourcecode.swift; path = BookStore.swift; sourceTree = "<group>"; };
/* End PBXFileReference section */

/* Begin PBXFrameworksBuildPhase section */
		34D305E825F30F410059CB18 /* Frameworks */ = {
			isa = PBXFrameworksBuildPhase;
			buildActionMask = 2147483647;
			files = (
			);
			runOnlyForDeploymentPostprocessing = 0;
		};
/* End PBXFrameworksBuildPhase section */

/* Begin PBXGroup section */
		34D305E225F30F410059CB18 = {
			isa = PBXGroup;
			children = (
				34D305ED25F30F410059CB18 /* BookStore */,
				34D305EC25F30F410059CB18 /* Products */,
			);
			sourceTree = "<group>";
		};
		34D305EC25F30F410059CB18 /* Products */ = {
			isa = PBXGroup;
			children = (
				34D305EB25F30F410059CB18 /* BookStore.app */,
			);
			name = Products;
			sourceTree = "<group>";
		};
		34D305ED25F30F410059CB18 /* BookStore */ = {
			isa = PBXGroup;
			children = (
				34D305EE25F30F410059CB18 /* AppDelegate.swift */,
				34644DCE26362CB5005E3630 /* AddViewController.swift */,
				34D305F025F30F410059CB18 /* SceneDelegate.swift */,
				34D305F225F30F410059CB18 /* MasterViewController.swift */,
				34D3060B25F315CD0059CB18 /* DetailViewController.swift */,
				34D305F425F30F410059CB18 /* Main.storyboard */,
				34D305F725F30F420059CB18 /* Assets.xcassets */,
				34D305F925F30F420059CB18 /* LaunchScreen.storyboard */,
				34D305FC25F30F420059CB18 /* Info.plist */,
				34EB3CFE25F854E7006CE029 /* Book.swift */,
				34EB3D0225F85518006CE029 /* BookStore.swift */,
				34644DD126363401005E3630 /* BookStoreDelegate.swift */,
			);
			path = BookStore;
			sourceTree = "<group>";
		};
/* End PBXGroup section */

/* Begin PBXNativeTarget section */
		34D305EA25F30F410059CB18 /* BookStore */ = {
			isa = PBXNativeTarget;
			buildConfigurationList = 34D305FF25F30F420059CB18 /* Build configuration list for PBXNativeTarget "BookStore" */;
			buildPhases = (
				34D305E725F30F410059CB18 /* Sources */,
				34D305E825F30F410059CB18 /* Frameworks */,
				34D305E925F30F410059CB18 /* Resources */,
			);
			buildRules = (
			);
			dependencies = (
			);
			name = BookStore;
			productName = BookStore;
			productReference = 34D305EB25F30F410059CB18 /* BookStore.app */;
			productType = "com.apple.product-type.application";
		};
/* End PBXNativeTarget section */

/* Begin PBXProject section */
		34D305E325F30F410059CB18 /* Project object */ = {
			isa = PBXProject;
			attributes = {
				LastSwiftUpdateCheck = 1200;
				LastUpgradeCheck = 1200;
				TargetAttributes = {
					34D305EA25F30F410059CB18 = {
						CreatedOnToolsVersion = 12.0;
					};
				};
			};
			buildConfigurationList = 34D305E625F30F410059CB18 /* Build configuration list for PBXProject "BookStore" */;
			compatibilityVersion = "Xcode 9.3";
			developmentRegion = en;
			hasScannedForEncodings = 0;
			knownRegions = (
				en,
				Base,
			);
			mainGroup = 34D305E225F30F410059CB18;
			productRefGroup = 34D305EC25F30F410059CB18 /* Products */;
			projectDirPath = "";
			projectRoot = "";
			targets = (
				34D305EA25F30F410059CB18 /* BookStore */,
			);
		};
/* End PBXProject section */

/* Begin PBXResourcesBuildPhase section */
		34D305E925F30F410059CB18 /* Resources */ = {
			isa = PBXResourcesBuildPhase;
			buildActionMask = 2147483647;
			files = (
				34D305FB25F30F420059CB18 /* LaunchScreen.storyboard in Resources */,
				34D305F825F30F420059CB18 /* Assets.xcassets in Resources */,
				34D305F625F30F410059CB18 /* Main.storyboard in Resources */,
			);
			runOnlyForDeploymentPostprocessing = 0;
		};
/* End PBXResourcesBuildPhase section */

/* Begin PBXSourcesBuildPhase section */
		34D305E725F30F410059CB18 /* Sources */ = {
			isa = PBXSourcesBuildPhase;
			buildActionMask = 2147483647;
			files = (
				34D305F325F30F410059CB18 /* MasterViewController.swift in Sources */,
				34EB3CFF25F854E7006CE029 /* Book.swift in Sources */,
				34644DCF26362CB5005E3630 /* AddViewController.swift in Sources */,
				34EB3D0325F85518006CE029 /* BookStore.swift in Sources */,
				34D305EF25F30F410059CB18 /* AppDelegate.swift in Sources */,
				34644DD226363401005E3630 /* BookStoreDelegate.swift in Sources */,
				34D3060C25F315CD0059CB18 /* DetailViewController.swift in Sources */,
				34D305F125F30F410059CB18 /* SceneDelegate.swift in Sources */,
			);
			runOnlyForDeploymentPostprocessing = 0;
		};
/* End PBXSourcesBuildPhase section */

/* Begin PBXVariantGroup section */
		34D305F425F30F410059CB18 /* Main.storyboard */ = {
			isa = PBXVariantGroup;
			children = (
				34D305F525F30F410059CB18 /* Base */,
			);
			name = Main.storyboard;
			sourceTree = "<group>";
		};
		34D305F925F30F420059CB18 /* LaunchScreen.storyboard */ = {
			isa = PBXVariantGroup;
			children = (
				34D305FA25F30F420059CB18 /* Base */,
			);
			name = LaunchScreen.storyboard;
			sourceTree = "<group>";
		};
/* End PBXVariantGroup section */

/* Begin XCBuildConfiguration section */
		34D305FD25F30F420059CB18 /* Debug */ = {
			isa = XCBuildConfiguration;
			buildSettings = {
				ALWAYS_SEARCH_USER_PATHS = NO;
				CLANG_ANALYZER_NONNULL = YES;
				CLANG_ANALYZER_NUMBER_OBJECT_CONVERSION = YES_AGGRESSIVE;
				CLANG_CXX_LANGUAGE_STANDARD = "gnu++14";
				CLANG_CXX_LIBRARY = "libc++";
				CLANG_ENABLE_MODULES = YES;
				CLANG_ENABLE_OBJC_ARC = YES;
				CLANG_ENABLE_OBJC_WEAK = YES;
				CLANG_WARN_BLOCK_CAPTURE_AUTORELEASING = YES;
				CLANG_WARN_BOOL_CONVERSION = YES;
				CLANG_WARN_COMMA = YES;
				CLANG_WARN_CONSTANT_CONVERSION = YES;
				CLANG_WARN_DEPRECATED_OBJC_IMPLEMENTATIONS = YES;
				CLANG_WARN_DIRECT_OBJC_ISA_USAGE = YES_ERROR;
				CLANG_WARN_DOCUMENTATION_COMMENTS = YES;
				CLANG_WARN_EMPTY_BODY = YES;
				CLANG_WARN_ENUM_CONVERSION = YES;
				CLANG_WARN_INFINITE_RECURSION = YES;
				CLANG_WARN_INT_CONVERSION = YES;
				CLANG_WARN_NON_LITERAL_NULL_CONVERSION = YES;
				CLANG_WARN_OBJC_IMPLICIT_RETAIN_SELF = YES;
				CLANG_WARN_OBJC_LITERAL_CONVERSION = YES;
				CLANG_WARN_OBJC_ROOT_CLASS = YES_ERROR;
				CLANG_WARN_QUOTED_INCLUDE_IN_FRAMEWORK_HEADER = YES;
				CLANG_WARN_RANGE_LOOP_ANALYSIS = YES;
				CLANG_WARN_STRICT_PROTOTYPES = YES;
				CLANG_WARN_SUSPICIOUS_MOVE = YES;
				CLANG_WARN_UNGUARDED_AVAILABILITY = YES_AGGRESSIVE;
				CLANG_WARN_UNREACHABLE_CODE = YES;
				CLANG_WARN__DUPLICATE_METHOD_MATCH = YES;
				COPY_PHASE_STRIP = NO;
				DEBUG_INFORMATION_FORMAT = dwarf;
				ENABLE_STRICT_OBJC_MSGSEND = YES;
				ENABLE_TESTABILITY = YES;
				GCC_C_LANGUAGE_STANDARD = gnu11;
				GCC_DYNAMIC_NO_PIC = NO;
				GCC_NO_COMMON_BLOCKS = YES;
				GCC_OPTIMIZATION_LEVEL = 0;
				GCC_PREPROCESSOR_DEFINITIONS = (
					"DEBUG=1",
					"$(inherited)",
				);
				GCC_WARN_64_TO_32_BIT_CONVERSION = YES;
				GCC_WARN_ABOUT_RETURN_TYPE = YES_ERROR;
				GCC_WARN_UNDECLARED_SELECTOR = YES;
				GCC_WARN_UNINITIALIZED_AUTOS = YES_AGGRESSIVE;
				GCC_WARN_UNUSED_FUNCTION = YES;
				GCC_WARN_UNUSED_VARIABLE = YES;
				IPHONEOS_DEPLOYMENT_TARGET = 14.0;
				MTL_ENABLE_DEBUG_INFO = INCLUDE_SOURCE;
				MTL_FAST_MATH = YES;
				ONLY_ACTIVE_ARCH = YES;
				SDKROOT = iphoneos;
				SWIFT_ACTIVE_COMPILATION_CONDITIONS = DEBUG;
				SWIFT_OPTIMIZATION_LEVEL = "-Onone";
			};
			name = Debug;
		};
		34D305FE25F30F420059CB18 /* Release */ = {
			isa = XCBuildConfiguration;
			buildSettings = {
				ALWAYS_SEARCH_USER_PATHS = NO;
				CLANG_ANALYZER_NONNULL = YES;
				CLANG_ANALYZER_NUMBER_OBJECT_CONVERSION = YES_AGGRESSIVE;
				CLANG_CXX_LANGUAGE_STANDARD = "gnu++14";
				CLANG_CXX_LIBRARY = "libc++";
				CLANG_ENABLE_MODULES = YES;
				CLANG_ENABLE_OBJC_ARC = YES;
				CLANG_ENABLE_OBJC_WEAK = YES;
				CLANG_WARN_BLOCK_CAPTURE_AUTORELEASING = YES;
				CLANG_WARN_BOOL_CONVERSION = YES;
				CLANG_WARN_COMMA = YES;
				CLANG_WARN_CONSTANT_CONVERSION = YES;
				CLANG_WARN_DEPRECATED_OBJC_IMPLEMENTATIONS = YES;
				CLANG_WARN_DIRECT_OBJC_ISA_USAGE = YES_ERROR;
				CLANG_WARN_DOCUMENTATION_COMMENTS = YES;
				CLANG_WARN_EMPTY_BODY = YES;
				CLANG_WARN_ENUM_CONVERSION = YES;
				CLANG_WARN_INFINITE_RECURSION = YES;
				CLANG_WARN_INT_CONVERSION = YES;
				CLANG_WARN_NON_LITERAL_NULL_CONVERSION = YES;
				CLANG_WARN_OBJC_IMPLICIT_RETAIN_SELF = YES;
				CLANG_WARN_OBJC_LITERAL_CONVERSION = YES;
				CLANG_WARN_OBJC_ROOT_CLASS = YES_ERROR;
				CLANG_WARN_QUOTED_INCLUDE_IN_FRAMEWORK_HEADER = YES;
				CLANG_WARN_RANGE_LOOP_ANALYSIS = YES;
				CLANG_WARN_STRICT_PROTOTYPES = YES;
				CLANG_WARN_SUSPICIOUS_MOVE = YES;
				CLANG_WARN_UNGUARDED_AVAILABILITY = YES_AGGRESSIVE;
				CLANG_WARN_UNREACHABLE_CODE = YES;
				CLANG_WARN__DUPLICATE_METHOD_MATCH = YES;
				COPY_PHASE_STRIP = NO;
				DEBUG_INFORMATION_FORMAT = "dwarf-with-dsym";
				ENABLE_NS_ASSERTIONS = NO;
				ENABLE_STRICT_OBJC_MSGSEND = YES;
				GCC_C_LANGUAGE_STANDARD = gnu11;
				GCC_NO_COMMON_BLOCKS = YES;
				GCC_WARN_64_TO_32_BIT_CONVERSION = YES;
				GCC_WARN_ABOUT_RETURN_TYPE = YES_ERROR;
				GCC_WARN_UNDECLARED_SELECTOR = YES;
				GCC_WARN_UNINITIALIZED_AUTOS = YES_AGGRESSIVE;
				GCC_WARN_UNUSED_FUNCTION = YES;
				GCC_WARN_UNUSED_VARIABLE = YES;
				IPHONEOS_DEPLOYMENT_TARGET = 14.0;
				MTL_ENABLE_DEBUG_INFO = NO;
				MTL_FAST_MATH = YES;
				SDKROOT = iphoneos;
				SWIFT_COMPILATION_MODE = wholemodule;
				SWIFT_OPTIMIZATION_LEVEL = "-O";
				VALIDATE_PRODUCT = YES;
			};
			name = Release;
		};
		34D3060025F30F420059CB18 /* Debug */ = {
			isa = XCBuildConfiguration;
			buildSettings = {
				ASSETCATALOG_COMPILER_APPICON_NAME = AppIcon;
				ASSETCATALOG_COMPILER_GLOBAL_ACCENT_COLOR_NAME = AccentColor;
				CODE_SIGN_STYLE = Automatic;
				INFOPLIST_FILE = BookStore/Info.plist;
				LD_RUNPATH_SEARCH_PATHS = (
					"$(inherited)",
					"@executable_path/Frameworks",
				);
				PRODUCT_BUNDLE_IDENTIFIER = tec.BookStore;
				PRODUCT_NAME = "$(TARGET_NAME)";
				SWIFT_VERSION = 5.0;
				TARGETED_DEVICE_FAMILY = "1,2";
			};
			name = Debug;
		};
		34D3060125F30F420059CB18 /* Release */ = {
			isa = XCBuildConfiguration;
			buildSettings = {
				ASSETCATALOG_COMPILER_APPICON_NAME = AppIcon;
				ASSETCATALOG_COMPILER_GLOBAL_ACCENT_COLOR_NAME = AccentColor;
				CODE_SIGN_STYLE = Automatic;
				INFOPLIST_FILE = BookStore/Info.plist;
				LD_RUNPATH_SEARCH_PATHS = (
					"$(inherited)",
					"@executable_path/Frameworks",
				);
				PRODUCT_BUNDLE_IDENTIFIER = tec.BookStore;
				PRODUCT_NAME = "$(TARGET_NAME)";
				SWIFT_VERSION = 5.0;
				TARGETED_DEVICE_FAMILY = "1,2";
			};
			name = Release;
		};
/* End XCBuildConfiguration section */

/* Begin XCConfigurationList section */
		34D305E625F30F410059CB18 /* Build configuration list for PBXProject "BookStore" */ = {
			isa = XCConfigurationList;
			buildConfigurations = (
				34D305FD25F30F420059CB18 /* Debug */,
				34D305FE25F30F420059CB18 /* Release */,
			);
			defaultConfigurationIsVisible = 0;
			defaultConfigurationName = Release;
		};
		34D305FF25F30F420059CB18 /* Build configuration list for PBXNativeTarget "BookStore" */ = {
			isa = XCConfigurationList;
			buildConfigurations = (
				34D3060025F30F420059CB18 /* Debug */,
				34D3060125F30F420059CB18 /* Release */,
			);
			defaultConfigurationIsVisible = 0;
			defaultConfigurationName = Release;
		};
/* End XCConfigurationList section */
	};
	rootObject = 34D305E325F30F410059CB18 /* Project object */;
}
